
Microsoft Visual Studio Solution File, Format Version 12.00
# Visual Studio Version 17
VisualStudioVersion = 17.9.34728.123
MinimumVisualStudioVersion = 10.0.40219.1
Project("{9A19103F-16F7-4668-BE54-9A1E7A4F7556}") = "Proyecto2024.Server", "Proyecto2024.Server\Proyecto2024.Server.csproj", "{E83C242E-91D7-4B67-A3AF-8874C4E216A6}"
EndProject
Project("{9A19103F-16F7-4668-BE54-9A1E7A4F7556}") = "Proyecto2024.BD", "Proyecto2024.BD\Proyecto2024.BD.csproj", "{FE14DB3C-3306-418E-AD57-60850BFE27E3}"
EndProject
Project("{9A19103F-16F7-4668-BE54-9A1E7A4F7556}") = "Proyecto2024.Shared", "Proyecto2024.Shared\Proyecto2024.Shared.csproj", "{D94ABA00-6409-45D1-8F03-2F9CBFD3BE48}"
EndProject
Project("{9A19103F-16F7-4668-BE54-9A1E7A4F7556}") = "Proyecto2024.Client", "Proyecto2024.Client\Proyecto2024.Client.csproj", "{998AF1D9-59DB-4CA6-8FAB-14AE2AFDE27C}"
EndProject
Global
	GlobalSection(SolutionConfigurationPlatforms) = preSolution
		Debug|Any CPU = Debug|Any CPU
		Release|Any CPU = Release|Any CPU
	EndGlobalSection
	GlobalSection(ProjectConfigurationPlatforms) = postSolution
		{E83C242E-91D7-4B67-A3AF-8874C4E216A6}.Debug|Any CPU.ActiveCfg = Debug|Any CPU
		{E83C242E-91D7-4B67-A3AF-8874C4E216A6}.Debug|Any CPU.Build.0 = Debug|Any CPU
		{E83C242E-91D7-4B67-A3AF-8874C4E216A6}.Release|Any CPU.ActiveCfg = Release|Any CPU
		{E83C242E-91D7-4B67-A3AF-8874C4E216A6}.Release|Any CPU.Build.0 = Release|Any CPU
		{FE14DB3C-3306-418E-AD57-60850BFE27E3}.Debug|Any CPU.ActiveCfg = Debug|Any CPU
		{FE14DB3C-3306-418E-AD57-60850BFE27E3}.Debug|Any CPU.Build.0 = Debug|Any CPU
		{FE14DB3C-3306-418E-AD57-60850BFE27E3}.Release|Any CPU.ActiveCfg = Release|Any CPU
		{FE14DB3C-3306-418E-AD57-60850BFE27E3}.Release|Any CPU.Build.0 = Release|Any CPU
		{D94ABA00-6409-45D1-8F03-2F9CBFD3BE48}.Debug|Any CPU.ActiveCfg = Debug|Any CPU
		{D94ABA00-6409-45D1-8F03-2F9CBFD3BE48}.Debug|Any CPU.Build.0 = Debug|Any CPU
		{D94ABA00-6409-45D1-8F03-2F9CBFD3BE48}.Release|Any CPU.ActiveCfg = Release|Any CPU
		{D94ABA00-6409-45D1-8F03-2F9CBFD3BE48}.Release|Any CPU.Build.0 = Release|Any CPU
		{998AF1D9-59DB-4CA6-8FAB-14AE2AFDE27C}.Debug|Any CPU.ActiveCfg = Debug|Any CPU
		{998AF1D9-59DB-4CA6-8FAB-14AE2AFDE27C}.Debug|Any CPU.Build.0 = Debug|Any CPU
		{998AF1D9-59DB-4CA6-8FAB-14AE2AFDE27C}.Release|Any CPU.ActiveCfg = Release|Any CPU
		{998AF1D9-59DB-4CA6-8FAB-14AE2AFDE27C}.Release|Any CPU.Build.0 = Release|Any CPU
	EndGlobalSection
	GlobalSection(SolutionProperties) = preSolution
		HideSolutionNode = FALSE
	EndGlobalSection
	GlobalSection(ExtensibilityGlobals) = postSolution
		SolutionGuid = {23FA26A6-F5ED-4C61-8A0E-945DD7576D2E}
	EndGlobalSection
EndGlobal
